
Microsoft Visual Studio Solution File, Format Version 12.00
# Visual Studio Version 17
VisualStudioVersion = 17.4.33103.184
MinimumVisualStudioVersion = 10.0.40219.1
Project("{FAE04EC0-301F-11D3-BF4B-00C04F79EFBC}") = "JuanProject", "JuanProject\JuanProject.csproj", "{D57A9B64-DD89-40A9-B873-464A4299ACB7}"
EndProject
Global
	GlobalSection(SolutionConfigurationPlatforms) = preSolution
		Debug|Any CPU = Debug|Any CPU
		Release|Any CPU = Release|Any CPU
	EndGlobalSection
	GlobalSection(ProjectConfigurationPlatforms) = postSolution
		{D57A9B64-DD89-40A9-B873-464A4299ACB7}.Debug|Any CPU.ActiveCfg = Debug|Any CPU
		{D57A9B64-DD89-40A9-B873-464A4299ACB7}.Debug|Any CPU.Build.0 = Debug|Any CPU
		{D57A9B64-DD89-40A9-B873-464A4299ACB7}.Release|Any CPU.ActiveCfg = Release|Any CPU
		{D57A9B64-DD89-40A9-B873-464A4299ACB7}.Release|Any CPU.Build.0 = Release|Any CPU
	EndGlobalSection
	GlobalSection(SolutionProperties) = preSolution
		HideSolutionNode = FALSE
	EndGlobalSection
	GlobalSection(ExtensibilityGlobals) = postSolution
		SolutionGuid = {CFB5F6C5-150E-47A7-9D5E-C0CB00C634AA}
	EndGlobalSection
EndGlobal
